
Microsoft Visual Studio Solution File, Format Version 12.00
# Visual Studio Version 16
VisualStudioVersion = 16.0.30611.23
MinimumVisualStudioVersion = 10.0.40219.1
Project("{FAE04EC0-301F-11D3-BF4B-00C04F79EFBC}") = "Parallel.Involke-1.1", "Chapter-1\Parallel.Involke-1.1\Parallel.Involke-1.1.csproj", "{23E1A721-41A8-4EFA-A50C-1C9DC854A4F3}"
EndProject
Project("{2150E333-8FDC-42A3-9474-1A3956D46DE8}") = "Chapter-1", "Chapter-1", "{3B70EB39-AE1F-4C58-9861-72A73843D3B1}"
EndProject
Project("{FAE04EC0-301F-11D3-BF4B-00C04F79EFBC}") = "Parallel.ForEach-1.2", "Chapter-1\Parallel.ForEach\Parallel.ForEach-1.2.csproj", "{97E551D0-E2AE-4389-8ECE-C426DD9A121E}"
EndProject
Project("{FAE04EC0-301F-11D3-BF4B-00C04F79EFBC}") = "Parallel.For-1.3", "Chapter-1\Parallel.For-1.3\Parallel.For-1.3.csproj", "{05E93995-1FDA-4403-86C6-4DCAE30DD27A}"
EndProject
Project("{FAE04EC0-301F-11D3-BF4B-00C04F79EFBC}") = "ManagingParallelFor-1.4", "Chapter-1\ManagingParallelFor-1.4\ManagingParallelFor-1.4.csproj", "{2EF06440-8169-4F75-85CC-0E1557DBB14E}"
EndProject
Project("{FAE04EC0-301F-11D3-BF4B-00C04F79EFBC}") = "Parallel.LINQ-1.5", "Chapter-1\Parallel.LINQ-1.5\Parallel.LINQ-1.5.csproj", "{AD2FF38D-0FB3-435A-8578-83A0F1B94F5A}"
EndProject
Global
	GlobalSection(SolutionConfigurationPlatforms) = preSolution
		Debug|Any CPU = Debug|Any CPU
		Release|Any CPU = Release|Any CPU
	EndGlobalSection
	GlobalSection(ProjectConfigurationPlatforms) = postSolution
		{23E1A721-41A8-4EFA-A50C-1C9DC854A4F3}.Debug|Any CPU.ActiveCfg = Debug|Any CPU
		{23E1A721-41A8-4EFA-A50C-1C9DC854A4F3}.Debug|Any CPU.Build.0 = Debug|Any CPU
		{23E1A721-41A8-4EFA-A50C-1C9DC854A4F3}.Release|Any CPU.ActiveCfg = Release|Any CPU
		{23E1A721-41A8-4EFA-A50C-1C9DC854A4F3}.Release|Any CPU.Build.0 = Release|Any CPU
		{97E551D0-E2AE-4389-8ECE-C426DD9A121E}.Debug|Any CPU.ActiveCfg = Debug|Any CPU
		{97E551D0-E2AE-4389-8ECE-C426DD9A121E}.Debug|Any CPU.Build.0 = Debug|Any CPU
		{97E551D0-E2AE-4389-8ECE-C426DD9A121E}.Release|Any CPU.ActiveCfg = Release|Any CPU
		{97E551D0-E2AE-4389-8ECE-C426DD9A121E}.Release|Any CPU.Build.0 = Release|Any CPU
		{05E93995-1FDA-4403-86C6-4DCAE30DD27A}.Debug|Any CPU.ActiveCfg = Debug|Any CPU
		{05E93995-1FDA-4403-86C6-4DCAE30DD27A}.Debug|Any CPU.Build.0 = Debug|Any CPU
		{05E93995-1FDA-4403-86C6-4DCAE30DD27A}.Release|Any CPU.ActiveCfg = Release|Any CPU
		{05E93995-1FDA-4403-86C6-4DCAE30DD27A}.Release|Any CPU.Build.0 = Release|Any CPU
		{2EF06440-8169-4F75-85CC-0E1557DBB14E}.Debug|Any CPU.ActiveCfg = Debug|Any CPU
		{2EF06440-8169-4F75-85CC-0E1557DBB14E}.Debug|Any CPU.Build.0 = Debug|Any CPU
		{2EF06440-8169-4F75-85CC-0E1557DBB14E}.Release|Any CPU.ActiveCfg = Release|Any CPU
		{2EF06440-8169-4F75-85CC-0E1557DBB14E}.Release|Any CPU.Build.0 = Release|Any CPU
		{AD2FF38D-0FB3-435A-8578-83A0F1B94F5A}.Debug|Any CPU.ActiveCfg = Debug|Any CPU
		{AD2FF38D-0FB3-435A-8578-83A0F1B94F5A}.Debug|Any CPU.Build.0 = Debug|Any CPU
		{AD2FF38D-0FB3-435A-8578-83A0F1B94F5A}.Release|Any CPU.ActiveCfg = Release|Any CPU
		{AD2FF38D-0FB3-435A-8578-83A0F1B94F5A}.Release|Any CPU.Build.0 = Release|Any CPU
	EndGlobalSection
	GlobalSection(SolutionProperties) = preSolution
		HideSolutionNode = FALSE
	EndGlobalSection
	GlobalSection(NestedProjects) = preSolution
		{23E1A721-41A8-4EFA-A50C-1C9DC854A4F3} = {3B70EB39-AE1F-4C58-9861-72A73843D3B1}
		{97E551D0-E2AE-4389-8ECE-C426DD9A121E} = {3B70EB39-AE1F-4C58-9861-72A73843D3B1}
		{05E93995-1FDA-4403-86C6-4DCAE30DD27A} = {3B70EB39-AE1F-4C58-9861-72A73843D3B1}
		{2EF06440-8169-4F75-85CC-0E1557DBB14E} = {3B70EB39-AE1F-4C58-9861-72A73843D3B1}
		{AD2FF38D-0FB3-435A-8578-83A0F1B94F5A} = {3B70EB39-AE1F-4C58-9861-72A73843D3B1}
	EndGlobalSection
	GlobalSection(ExtensibilityGlobals) = postSolution
		SolutionGuid = {F6395387-E6F7-4DE3-8089-5C1DA8CE820A}
	EndGlobalSection
EndGlobal
